PODS:
  - connectivity (0.0.1):
    - Flutter
    - Reachability
  - device_info (0.0.1):
    - Flutter
  - Flutter (1.0.0)
  - fluwx (0.0.1):
    - Flutter
    - WechatOpenSDK (= 1.8.7.1)
  - FMDB (2.7.5):
    - FMDB/standard (= 2.7.5)
  - FMDB/standard (2.7.5)
  - package_info (0.0.1):
    - Flutter
  - path_provider (0.0.1):
    - Flutter
  - "permission_handler (5.0.1+1)":
    - Flutter
  - Reachability (3.2)
  - sqflite (0.0.2):
    - Flutter
    - FMDB (>= 2.7.5)
  - url_launcher (0.0.1):
    - Flutter
  - webview_flutter (0.0.1):
    - Flutter
  - WechatOpenSDK (1.8.7.1)

DEPENDENCIES:
  - connectivity (from `.symlinks/plugins/connectivity/ios`)
  - device_info (from `.symlinks/plugins/device_info/ios`)
  - Flutter (from `Flutter`)
  - fluwx (from `.symlinks/plugins/fluwx/ios`)
  - package_info (from `.symlinks/plugins/package_info/ios`)
  - path_provider (from `.symlinks/plugins/path_provider/ios`)
  - permission_handler (from `.symlinks/plugins/permission_handler/ios`)
  - sqflite (from `.symlinks/plugins/sqflite/ios`)
  - url_launcher (from `.symlinks/plugins/url_launcher/ios`)
  - webview_flutter (from `.symlinks/plugins/webview_flutter/ios`)

SPEC REPOS:
  trunk:
    - FMDB
    - Reachability
    - WechatOpenSDK

EXTERNAL SOURCES:
  connectivity:
    :path: ".symlinks/plugins/connectivity/ios"
  device_info:
    :path: ".symlinks/plugins/device_info/ios"
  Flutter:
    :path: Flutter
  fluwx:
    :path: ".symlinks/plugins/fluwx/ios"
  package_info:
    :path: ".symlinks/plugins/package_info/ios"
  path_provider:
    :path: ".symlinks/plugins/path_provider/ios"
  permission_handler:
    :path: ".symlinks/plugins/permission_handler/ios"
  sqflite:
    :path: ".symlinks/plugins/sqflite/ios"
  url_launcher:
    :path: ".symlinks/plugins/url_launcher/ios"
  webview_flutter:
    :path: ".symlinks/plugins/webview_flutter/ios"

SPEC CHECKSUMS:
  connectivity: c4130b2985d4ef6fd26f9702e886bd5260681467
  device_info: d7d233b645a32c40dfdc212de5cf646ca482f175
  Flutter: 0e3d915762c693b495b44d77113d4970485de6ec
  fluwx: 07a55ed66bf3a4961e836a2a411b02dcada32902
  FMDB: 2ce00b547f966261cd18927a3ddb07cb6f3db82a
  package_info: 873975fc26034f0b863a300ad47e7f1ac6c7ec62
  path_provider: abfe2b5c733d04e238b0d8691db0cfd63a27a93c
  permission_handler: eac8e15b4a1a3fba55b761d19f3f4e6b005d15b6
  Reachability: 33e18b67625424e47b6cde6d202dce689ad7af96
  sqflite: 6d358c025f5b867b29ed92fc697fd34924e11904
  url_launcher: 6fef411d543ceb26efce54b05a0a40bfd74cbbef
  webview_flutter: d2b4d6c66968ad042ad94cbb791f5b72b4678a96
  WechatOpenSDK: 6a4d1436c15b3b5fe2a0bd383f3046010186da44

PODFILE CHECKSUM: aafe91acc616949ddb318b77800a7f51bffa2a4c

COCOAPODS: 1.10.0
